
Microsoft Visual Studio Solution File, Format Version 12.00
# Visual Studio 14
VisualStudioVersion = 14.0.24720.0
MinimumVisualStudioVersion = 10.0.40219.1
Project("{FAE04EC0-301F-11D3-BF4B-00C04F79EFBC}") = "Chinook.ODataClient", "Chinook.ODataClient\Chinook.ODataClient.csproj", "{8C81B45C-4BCE-4296-B81D-6A4438C70C1F}"
EndProject
Project("{2150E333-8FDC-42A3-9474-1A3956D46DE8}") = "1 - Presentation", "1 - Presentation", "{17E26B1C-82ED-47C9-9C65-18540E59DF51}"
EndProject
Project("{2150E333-8FDC-42A3-9474-1A3956D46DE8}") = "4 - Persistence", "4 - Persistence", "{70A85DA2-5733-4E88-BF2C-BBCA2154F865}"
EndProject
Project("{2150E333-8FDC-42A3-9474-1A3956D46DE8}") = "Z - EasyLOB Core", "Z - EasyLOB Core", "{F7E4D493-E0DF-4390-850D-B7D72248395B}"
EndProject
Project("{2150E333-8FDC-42A3-9474-1A3956D46DE8}") = "Library", "Library", "{F0BC8158-1FF3-4DD4-9AEE-E117E3FDA473}"
EndProject
Project("{2150E333-8FDC-42A3-9474-1A3956D46DE8}") = "Data", "Data", "{E245AC8A-47ED-441C-9F33-A092F41F6D0E}"
EndProject
Project("{FAE04EC0-301F-11D3-BF4B-00C04F79EFBC}") = "EasyLOB.Library", "..\EasyLOB\EasyLOB.Library\EasyLOB.Library\EasyLOB.Library.csproj", "{55B7716B-36A3-442D-9E9E-9CAAB7DB592E}"
EndProject
Project("{FAE04EC0-301F-11D3-BF4B-00C04F79EFBC}") = "EasyLOB.Persistence", "..\EasyLOB\EasyLOB.Persistence\EasyLOB.Persistence\EasyLOB.Persistence.csproj", "{35433610-CB14-4909-B890-2150B6443A25}"
EndProject
Project("{FAE04EC0-301F-11D3-BF4B-00C04F79EFBC}") = "EasyLOB.PersistenceOData", "..\EasyLOB\EasyLOB.Persistence\EasyLOB.PersistenceOData\EasyLOB.PersistenceOData.csproj", "{20270D4B-CB90-4C73-AB84-D443E8292104}"
EndProject
Project("{FAE04EC0-301F-11D3-BF4B-00C04F79EFBC}") = "Chinook.Persistence", "Chinook.Persistence\Chinook.Persistence.csproj", "{EDC764BF-825E-44DA-B872-9FDF28CC1735}"
EndProject
Project("{FAE04EC0-301F-11D3-BF4B-00C04F79EFBC}") = "Chinook.PersistenceOData", "Chinook.PersistenceOData\Chinook.PersistenceOData.csproj", "{926F2904-753F-4D67-8EF6-89D07CAEDC3B}"
EndProject
Project("{FAE04EC0-301F-11D3-BF4B-00C04F79EFBC}") = "EasyLOB.Data", "..\EasyLOB\EasyLOB.Data\EasyLOB.Data\EasyLOB.Data.csproj", "{1F89F104-C08B-4537-A9A8-5C51C53376F0}"
EndProject
Project("{FAE04EC0-301F-11D3-BF4B-00C04F79EFBC}") = "Chinook.Data", "Chinook.Data\Chinook.Data.csproj", "{9536D998-473D-4EE6-BB32-45A9C7B38297}"
EndProject
Project("{2150E333-8FDC-42A3-9474-1A3956D46DE8}") = "Persistence", "Persistence", "{D52084C5-E9E4-48EB-8910-B8FE55B2CDA4}"
EndProject
Project("{2150E333-8FDC-42A3-9474-1A3956D46DE8}") = "2 - Service", "2 - Service", "{413EE41C-7A20-45A7-9366-0E811C31C184}"
EndProject
Project("{2150E333-8FDC-42A3-9474-1A3956D46DE8}") = "3 - Application", "3 - Application", "{8FE1979B-7E7F-48E9-A761-2FB60A1777ED}"
EndProject
Project("{2150E333-8FDC-42A3-9474-1A3956D46DE8}") = "0 - Unit Test", "0 - Unit Test", "{DAA60CEC-D3FB-44E6-83D7-D7ACE48DC980}"
EndProject
Project("{2150E333-8FDC-42A3-9474-1A3956D46DE8}") = "A - Application Core", "A - Application Core", "{81CB9362-2D63-4535-B748-5A76CB63D2A4}"
EndProject
Global
	GlobalSection(SolutionConfigurationPlatforms) = preSolution
		Debug|Any CPU = Debug|Any CPU
		Release|Any CPU = Release|Any CPU
	EndGlobalSection
	GlobalSection(ProjectConfigurationPlatforms) = postSolution
		{8C81B45C-4BCE-4296-B81D-6A4438C70C1F}.Debug|Any CPU.ActiveCfg = Debug|Any CPU
		{8C81B45C-4BCE-4296-B81D-6A4438C70C1F}.Debug|Any CPU.Build.0 = Debug|Any CPU
		{8C81B45C-4BCE-4296-B81D-6A4438C70C1F}.Release|Any CPU.ActiveCfg = Release|Any CPU
		{8C81B45C-4BCE-4296-B81D-6A4438C70C1F}.Release|Any CPU.Build.0 = Release|Any CPU
		{55B7716B-36A3-442D-9E9E-9CAAB7DB592E}.Debug|Any CPU.ActiveCfg = Debug|Any CPU
		{55B7716B-36A3-442D-9E9E-9CAAB7DB592E}.Debug|Any CPU.Build.0 = Debug|Any CPU
		{55B7716B-36A3-442D-9E9E-9CAAB7DB592E}.Release|Any CPU.ActiveCfg = Release|Any CPU
		{55B7716B-36A3-442D-9E9E-9CAAB7DB592E}.Release|Any CPU.Build.0 = Release|Any CPU
		{35433610-CB14-4909-B890-2150B6443A25}.Debug|Any CPU.ActiveCfg = Debug|Any CPU
		{35433610-CB14-4909-B890-2150B6443A25}.Debug|Any CPU.Build.0 = Debug|Any CPU
		{35433610-CB14-4909-B890-2150B6443A25}.Release|Any CPU.ActiveCfg = Release|Any CPU
		{35433610-CB14-4909-B890-2150B6443A25}.Release|Any CPU.Build.0 = Release|Any CPU
		{20270D4B-CB90-4C73-AB84-D443E8292104}.Debug|Any CPU.ActiveCfg = Debug|Any CPU
		{20270D4B-CB90-4C73-AB84-D443E8292104}.Debug|Any CPU.Build.0 = Debug|Any CPU
		{20270D4B-CB90-4C73-AB84-D443E8292104}.Release|Any CPU.ActiveCfg = Release|Any CPU
		{20270D4B-CB90-4C73-AB84-D443E8292104}.Release|Any CPU.Build.0 = Release|Any CPU
		{EDC764BF-825E-44DA-B872-9FDF28CC1735}.Debug|Any CPU.ActiveCfg = Debug|Any CPU
		{EDC764BF-825E-44DA-B872-9FDF28CC1735}.Debug|Any CPU.Build.0 = Debug|Any CPU
		{EDC764BF-825E-44DA-B872-9FDF28CC1735}.Release|Any CPU.ActiveCfg = Release|Any CPU
		{EDC764BF-825E-44DA-B872-9FDF28CC1735}.Release|Any CPU.Build.0 = Release|Any CPU
		{926F2904-753F-4D67-8EF6-89D07CAEDC3B}.Debug|Any CPU.ActiveCfg = Debug|Any CPU
		{926F2904-753F-4D67-8EF6-89D07CAEDC3B}.Debug|Any CPU.Build.0 = Debug|Any CPU
		{926F2904-753F-4D67-8EF6-89D07CAEDC3B}.Release|Any CPU.ActiveCfg = Release|Any CPU
		{926F2904-753F-4D67-8EF6-89D07CAEDC3B}.Release|Any CPU.Build.0 = Release|Any CPU
		{1F89F104-C08B-4537-A9A8-5C51C53376F0}.Debug|Any CPU.ActiveCfg = Debug|Any CPU
		{1F89F104-C08B-4537-A9A8-5C51C53376F0}.Debug|Any CPU.Build.0 = Debug|Any CPU
		{1F89F104-C08B-4537-A9A8-5C51C53376F0}.Release|Any CPU.ActiveCfg = Release|Any CPU
		{1F89F104-C08B-4537-A9A8-5C51C53376F0}.Release|Any CPU.Build.0 = Release|Any CPU
		{9536D998-473D-4EE6-BB32-45A9C7B38297}.Debug|Any CPU.ActiveCfg = Debug|Any CPU
		{9536D998-473D-4EE6-BB32-45A9C7B38297}.Debug|Any CPU.Build.0 = Debug|Any CPU
		{9536D998-473D-4EE6-BB32-45A9C7B38297}.Release|Any CPU.ActiveCfg = Release|Any CPU
		{9536D998-473D-4EE6-BB32-45A9C7B38297}.Release|Any CPU.Build.0 = Release|Any CPU
	EndGlobalSection
	GlobalSection(SolutionProperties) = preSolution
		HideSolutionNode = FALSE
	EndGlobalSection
	GlobalSection(NestedProjects) = preSolution
		{8C81B45C-4BCE-4296-B81D-6A4438C70C1F} = {17E26B1C-82ED-47C9-9C65-18540E59DF51}
		{F0BC8158-1FF3-4DD4-9AEE-E117E3FDA473} = {F7E4D493-E0DF-4390-850D-B7D72248395B}
		{E245AC8A-47ED-441C-9F33-A092F41F6D0E} = {F7E4D493-E0DF-4390-850D-B7D72248395B}
		{55B7716B-36A3-442D-9E9E-9CAAB7DB592E} = {F0BC8158-1FF3-4DD4-9AEE-E117E3FDA473}
		{35433610-CB14-4909-B890-2150B6443A25} = {D52084C5-E9E4-48EB-8910-B8FE55B2CDA4}
		{20270D4B-CB90-4C73-AB84-D443E8292104} = {D52084C5-E9E4-48EB-8910-B8FE55B2CDA4}
		{EDC764BF-825E-44DA-B872-9FDF28CC1735} = {70A85DA2-5733-4E88-BF2C-BBCA2154F865}
		{926F2904-753F-4D67-8EF6-89D07CAEDC3B} = {70A85DA2-5733-4E88-BF2C-BBCA2154F865}
		{1F89F104-C08B-4537-A9A8-5C51C53376F0} = {E245AC8A-47ED-441C-9F33-A092F41F6D0E}
		{9536D998-473D-4EE6-BB32-45A9C7B38297} = {81CB9362-2D63-4535-B748-5A76CB63D2A4}
		{D52084C5-E9E4-48EB-8910-B8FE55B2CDA4} = {F7E4D493-E0DF-4390-850D-B7D72248395B}
	EndGlobalSection
EndGlobal
